
Microsoft Visual Studio Solution File, Format Version 12.00
# Visual Studio Version 16
VisualStudioVersion = 16.0.30907.101
MinimumVisualStudioVersion = 10.0.40219.1
Project("{FAE04EC0-301F-11D3-BF4B-00C04F79EFBC}") = "Form1", "Form1\Form1.csproj", "{644956B1-749D-48C1-91E6-175CDD1530B2}"
EndProject
Global
	GlobalSection(SolutionConfigurationPlatforms) = preSolution
		Debug|Any CPU = Debug|Any CPU
		Release|Any CPU = Release|Any CPU
	EndGlobalSection
	GlobalSection(ProjectConfigurationPlatforms) = postSolution
		{644956B1-749D-48C1-91E6-175CDD1530B2}.Debug|Any CPU.ActiveCfg = Debug|Any CPU
		{644956B1-749D-48C1-91E6-175CDD1530B2}.Debug|Any CPU.Build.0 = Debug|Any CPU
		{644956B1-749D-48C1-91E6-175CDD1530B2}.Release|Any CPU.ActiveCfg = Release|Any CPU
		{644956B1-749D-48C1-91E6-175CDD1530B2}.Release|Any CPU.Build.0 = Release|Any CPU
	EndGlobalSection
	GlobalSection(SolutionProperties) = preSolution
		HideSolutionNode = FALSE
	EndGlobalSection
	GlobalSection(ExtensibilityGlobals) = postSolution
		SolutionGuid = {792C255F-0572-41EC-B203-271C0B3E6673}
	EndGlobalSection
EndGlobal
